# This file is automatically @generated by Poetry 1.5.1 and should not be changed by hand.

[[package]]
name = "click"
version = "8.1.8"
description = "Composable command line interface toolkit"
optional = false
python-versions = ">=3.7"
files = [
    {file = "click-8.1.8-py3-none-any.whl", hash = "sha256:63c132bbbed01578a06712a2d1f497bb62d9c1c0d329b7903a866228027263b2"},
    {file = "click-8.1.8.tar.gz", hash = "sha256:ed53c9d8990d83c2a27deae68e4ee337473f6330c040a31d4225c9574d16096a"},
]

[package.dependencies]
colorama = {version = "*", markers = "platform_system == \"Windows\""}
importlib-metadata = {version = "*", markers = "python_version < \"3.8\""}

[[package]]
name = "colorama"
version = "0.4.6"
description = "Cross-platform colored terminal text."
optional = false
python-versions = "!=3.0.*,!=3.1.*,!=3.2.*,!=3.3.*,!=3.4.*,!=3.5.*,!=3.6.*,>=2.7"
files = [
    {file = "colorama-0.4.6-py2.py3-none-any.whl", hash = "sha256:4f1d9991f5acc0ca119f9d443620b77f9d6b33703e51011c16baf57afb285fc6"},
    {file = "colorama-0.4.6.tar.gz", hash = "sha256:08695f5cb7ed6e0531a20572697297273c47b8cae5a63ffc6d6ed5c201be6e44"},
]

[[package]]
name = "importlib-metadata"
version = "6.7.0"
description = "Read metadata from Python packages"
optional = false
python-versions = ">=3.7"
files = [
    {file = "importlib_metadata-6.7.0-py3-none-any.whl", hash = "sha256:cb52082e659e97afc5dac71e79de97d8681de3aa07ff18578330904a9d18e5b5"},
    {file = "importlib_metadata-6.7.0.tar.gz", hash = "sha256:1aaf550d4f73e5d6783e7acb77aec43d49da8017410afae93822cc9cca98c4d4"},
]

[package.dependencies]
typing-extensions = {version = ">=3.6.4", markers = "python_version < \"3.8\""}
zipp = ">=0.5"

[package.extras]
docs = ["furo", "jaraco.packaging (>=9)", "jaraco.tidelift (>=1.4)", "rst.linker (>=1.9)", "sphinx (>=3.5)", "sphinx-lint"]
perf = ["ipython"]
testing = ["flufl.flake8", "importlib-resources (>=1.3)", "packaging", "pyfakefs", "pytest (>=6)", "pytest-black (>=0.3.7)", "pytest-checkdocs (>=2.4)", "pytest-cov", "pytest-enabler (>=1.3)", "pytest-mypy (>=0.9.1)", "pytest-perf (>=0.9.2)", "pytest-ruff"]

[[package]]
name = "joblib"
version = "1.3.2"
description = "Lightweight pipelining with Python functions"
optional = false
python-versions = ">=3.7"
files = [
    {file = "joblib-1.3.2-py3-none-any.whl", hash = "sha256:ef4331c65f239985f3f2220ecc87db222f08fd22097a3dd5698f693875f8cbb9"},
    {file = "joblib-1.3.2.tar.gz", hash = "sha256:92f865e621e17784e7955080b6d042489e3b8e294949cc44c6eac304f59772b1"},
]

[[package]]
name = "nltk"
version = "3.6.7"
description = "Natural Language Toolkit"
optional = false
python-versions = ">=3.6"
files = [
    {file = "nltk-3.6.7-py3-none-any.whl", hash = "sha256:22e97be5d6c784d93a52d17860515cc50c5cfcc620b1f5c3747765041255a01e"},
    {file = "nltk-3.6.7.zip", hash = "sha256:51bf1aef5304740a708be7c8e683f7798f03dc5c7a7e7feb758be9e95f4585e3"},
]

[package.dependencies]
click = "*"
joblib = "*"
regex = ">=2021.8.3"
tqdm = "*"

[package.extras]
all = ["matplotlib", "numpy", "pyparsing", "python-crfsuite", "requests", "scikit-learn", "scipy", "twython"]
corenlp = ["requests"]
machine-learning = ["numpy", "python-crfsuite", "scikit-learn", "scipy"]
plot = ["matplotlib"]
tgrep = ["pyparsing"]
twitter = ["twython"]

[[package]]
name = "numpy"
version = "1.21.5"
description = "NumPy is the fundamental package for array computing with Python."
optional = false
python-versions = ">=3.7,<3.11"
files = [
    {file = "numpy-1.21.5-cp310-cp310-macosx_10_9_universal2.whl", hash = "sha256:301e408a052fdcda5cdcf03021ebafc3c6ea093021bf9d1aa47c54d48bdad166"},
    {file = "numpy-1.21.5-cp310-cp310-macosx_10_9_x86_64.whl", hash = "sha256:a7e8f6216f180f3fd4efb73de5d1eaefb5f5a1ee5b645c67333033e39440e63a"},
    {file = "numpy-1.21.5-cp310-cp310-macosx_11_0_arm64.whl", hash = "sha256:fc7a7d7b0ed72589fd8b8486b9b42a564f10b8762be8bd4d9df94b807af4a089"},
    {file = "numpy-1.21.5-cp310-cp310-manylinux_2_17_aarch64.manylinux2014_aarch64.whl", hash = "sha256:58ca1d7c8aef6e996112d0ce873ac9dfa1eaf4a1196b4ff7ff73880a09923ba7"},
    {file = "numpy-1.21.5-cp310-cp310-manylinux_2_17_x86_64.manylinux2014_x86_64.whl", hash = "sha256:dc4b2fb01f1b4ddbe2453468ea0719f4dbb1f5caa712c8b21bb3dd1480cd30d9"},
    {file = "numpy-1.21.5-cp310-cp310-win_amd64.whl", hash = "sha256:cc1b30205d138d1005adb52087ff45708febbef0e420386f58664f984ef56954"},
    {file = "numpy-1.21.5-cp37-cp37m-macosx_10_9_x86_64.whl", hash = "sha256:08de8472d9f7571f9d51b27b75e827f5296295fa78817032e84464be8bb905bc"},
    {file = "numpy-1.21.5-cp37-cp37m-manylinux_2_12_i686.manylinux2010_i686.whl", hash = "sha256:4fe6a006557b87b352c04596a6e3f12a57d6e5f401d804947bd3188e6b0e0e76"},
    {file = "numpy-1.21.5-cp37-cp37m-manylinux_2_12_x86_64.manylinux2010_x86_64.whl", hash = "sha256:3d893b0871322eaa2f8c7072cdb552d8e2b27645b7875a70833c31e9274d4611"},
    {file = "numpy-1.21.5-cp37-cp37m-manylinux_2_17_aarch64.manylinux2014_aarch64.whl", hash = "sha256:341dddcfe3b7b6427a28a27baa59af5ad51baa59bfec3264f1ab287aa3b30b13"},
    {file = "numpy-1.21.5-cp37-cp37m-win32.whl", hash = "sha256:ca9c23848292c6fe0a19d212790e62f398fd9609aaa838859be8459bfbe558aa"},
    {file = "numpy-1.21.5-cp37-cp37m-win_amd64.whl", hash = "sha256:025b497014bc33fc23897859350f284323f32a2fff7654697f5a5fc2a19e9939"},
    {file = "numpy-1.21.5-cp38-cp38-macosx_10_9_universal2.whl", hash = "sha256:3a5098df115340fb17fc93867317a947e1dcd978c3888c5ddb118366095851f8"},
    {file = "numpy-1.21.5-cp38-cp38-macosx_10_9_x86_64.whl", hash = "sha256:311283acf880cfcc20369201bd75da907909afc4666966c7895cbed6f9d2c640"},
    {file = "numpy-1.21.5-cp38-cp38-macosx_11_0_arm64.whl", hash = "sha256:b545ebadaa2b878c8630e5bcdb97fc4096e779f335fc0f943547c1c91540c815"},
    {file = "numpy-1.21.5-cp38-cp38-manylinux_2_12_i686.manylinux2010_i686.whl", hash = "sha256:c5562bcc1a9b61960fc8950ade44d00e3de28f891af0acc96307c73613d18f6e"},
    {file = "numpy-1.21.5-cp38-cp38-manylinux_2_12_x86_64.manylinux2010_x86_64.whl", hash = "sha256:eed2afaa97ec33b4411995be12f8bdb95c87984eaa28d76cf628970c8a2d689a"},
    {file = "numpy-1.21.5-cp38-cp38-manylinux_2_17_aarch64.manylinux2014_aarch64.whl", hash = "sha256:61bada43d494515d5b122f4532af226fdb5ee08fe5b5918b111279843dc6836a"},
    {file = "numpy-1.21.5-cp38-cp38-win32.whl", hash = "sha256:7b9d6b14fc9a4864b08d1ba57d732b248f0e482c7b2ff55c313137e3ed4d8449"},
    {file = "numpy-1.21.5-cp38-cp38-win_amd64.whl", hash = "sha256:dbce7adeb66b895c6aaa1fad796aaefc299ced597f6fbd9ceddb0dd735245354"},
    {file = "numpy-1.21.5-cp39-cp39-macosx_10_9_universal2.whl", hash = "sha256:507c05c7a37b3683eb08a3ff993bd1ee1e6c752f77c2f275260533b265ecdb6c"},
    {file = "numpy-1.21.5-cp39-cp39-macosx_10_9_x86_64.whl", hash = "sha256:00c9fa73a6989895b8815d98300a20ac993c49ac36c8277e8ffeaa3631c0dbbb"},
    {file = "numpy-1.21.5-cp39-cp39-macosx_11_0_arm64.whl", hash = "sha256:69a5a8d71c308d7ef33ef72371c2388a90e3495dbb7993430e674006f94797d5"},
    {file = "numpy-1.21.5-cp39-cp39-manylinux_2_12_i686.manylinux2010_i686.whl", hash = "sha256:2d8adfca843bc46ac199a4645233f13abf2011a0b2f4affc5c37cd552626f27b"},
    {file = "numpy-1.21.5-cp39-cp39-manylinux_2_12_x86_64.manylinux2010_x86_64.whl", hash = "sha256:c293d3c0321996cd8ffe84215ffe5d269fd9d1d12c6f4ffe2b597a7c30d3e593"},
    {file = "numpy-1.21.5-cp39-cp39-manylinux_2_17_aarch64.manylinux2014_aarch64.whl", hash = "sha256:3c978544be9e04ed12016dd295a74283773149b48f507d69b36f91aa90a643e5"},
    {file = "numpy-1.21.5-cp39-cp39-win32.whl", hash = "sha256:2a9add27d7fc0fdb572abc3b2486eb3b1395da71e0254c5552b2aad2a18b5441"},
    {file = "numpy-1.21.5-cp39-cp39-win_amd64.whl", hash = "sha256:1964db2d4a00348b7a60ee9d013c8cb0c566644a589eaa80995126eac3b99ced"},
    {file = "numpy-1.21.5-pp37-pypy37_pp73-manylinux_2_12_x86_64.manylinux2010_x86_64.whl", hash = "sha256:a7c4b701ca418cd39e28ec3b496e6388fe06de83f5f0cb74794fa31cfa384c02"},
    {file = "numpy-1.21.5.zip", hash = "sha256:6a5928bc6241264dce5ed509e66f33676fc97f464e7a919edc672fb5532221ee"},
]

[[package]]
name = "pandas"
version = "1.3.5"
description = "Powerful data structures for data analysis, time series, and statistics"
optional = false
python-versions = ">=3.7.1"
files = [
    {file = "pandas-1.3.5-cp310-cp310-macosx_10_9_universal2.whl", hash = "sha256:62d5b5ce965bae78f12c1c0df0d387899dd4211ec0bdc52822373f13a3a022b9"},
    {file = "pandas-1.3.5-cp310-cp310-macosx_10_9_x86_64.whl", hash = "sha256:adfeb11be2d54f275142c8ba9bf67acee771b7186a5745249c7d5a06c670136b"},
    {file = "pandas-1.3.5-cp310-cp310-macosx_11_0_arm64.whl", hash = "sha256:60a8c055d58873ad81cae290d974d13dd479b82cbb975c3e1fa2cf1920715296"},
    {file = "pandas-1.3.5-cp310-cp310-manylinux_2_17_aarch64.manylinux2014_aarch64.whl", hash = "sha256:fd541ab09e1f80a2a1760032d665f6e032d8e44055d602d65eeea6e6e85498cb"},
    {file = "pandas-1.3.5-cp310-cp310-manylinux_2_17_x86_64.manylinux2014_x86_64.whl", hash = "sha256:2651d75b9a167cc8cc572cf787ab512d16e316ae00ba81874b560586fa1325e0"},
    {file = "pandas-1.3.5-cp310-cp310-win_amd64.whl", hash = "sha256:aaf183a615ad790801fa3cf2fa450e5b6d23a54684fe386f7e3208f8b9bfbef6"},
    {file = "pandas-1.3.5-cp37-cp37m-macosx_10_9_x86_64.whl", hash = "sha256:344295811e67f8200de2390093aeb3c8309f5648951b684d8db7eee7d1c81fb7"},
    {file = "pandas-1.3.5-cp37-cp37m-manylinux_2_17_aarch64.manylinux2014_aarch64.whl", hash = "sha256:552020bf83b7f9033b57cbae65589c01e7ef1544416122da0c79140c93288f56"},
    {file = "pandas-1.3.5-cp37-cp37m-manylinux_2_17_x86_64.manylinux2014_x86_64.whl", hash = "sha256:5cce0c6bbeb266b0e39e35176ee615ce3585233092f685b6a82362523e59e5b4"},
    {file = "pandas-1.3.5-cp37-cp37m-manylinux_2_5_i686.manylinux1_i686.manylinux_2_17_i686.manylinux2014_i686.whl", hash = "sha256:7d28a3c65463fd0d0ba8bbb7696b23073efee0510783340a44b08f5e96ffce0c"},
    {file = "pandas-1.3.5-cp37-cp37m-win32.whl", hash = "sha256:a62949c626dd0ef7de11de34b44c6475db76995c2064e2d99c6498c3dba7fe58"},
    {file = "pandas-1.3.5-cp37-cp37m-win_amd64.whl", hash = "sha256:8025750767e138320b15ca16d70d5cdc1886e8f9cc56652d89735c016cd8aea6"},
    {file = "pandas-1.3.5-cp38-cp38-macosx_10_9_x86_64.whl", hash = "sha256:fe95bae4e2d579812865db2212bb733144e34d0c6785c0685329e5b60fcb85dd"},
    {file = "pandas-1.3.5-cp38-cp38-manylinux_2_17_aarch64.manylinux2014_aarch64.whl", hash = "sha256:5f261553a1e9c65b7a310302b9dbac31cf0049a51695c14ebe04e4bfd4a96f02"},
    {file = "pandas-1.3.5-cp38-cp38-manylinux_2_17_x86_64.manylinux2014_x86_64.whl", hash = "sha256:8b6dbec5f3e6d5dc80dcfee250e0a2a652b3f28663492f7dab9a24416a48ac39"},
    {file = "pandas-1.3.5-cp38-cp38-manylinux_2_5_i686.manylinux1_i686.manylinux_2_17_i686.manylinux2014_i686.whl", hash = "sha256:d3bc49af96cd6285030a64779de5b3688633a07eb75c124b0747134a63f4c05f"},
    {file = "pandas-1.3.5-cp38-cp38-win32.whl", hash = "sha256:b6b87b2fb39e6383ca28e2829cddef1d9fc9e27e55ad91ca9c435572cdba51bf"},
    {file = "pandas-1.3.5-cp38-cp38-win_amd64.whl", hash = "sha256:a395692046fd8ce1edb4c6295c35184ae0c2bbe787ecbe384251da609e27edcb"},
    {file = "pandas-1.3.5-cp39-cp39-macosx_10_9_x86_64.whl", hash = "sha256:bd971a3f08b745a75a86c00b97f3007c2ea175951286cdda6abe543e687e5f2f"},
    {file = "pandas-1.3.5-cp39-cp39-manylinux_2_17_aarch64.manylinux2014_aarch64.whl", hash = "sha256:37f06b59e5bc05711a518aa10beaec10942188dccb48918bb5ae602ccbc9f1a0"},
    {file = "pandas-1.3.5-cp39-cp39-manylinux_2_17_x86_64.manylinux2014_x86_64.whl", hash = "sha256:2c21778a688d3712d35710501f8001cdbf96eb70a7c587a3d5613573299fdca6"},
    {file = "pandas-1.3.5-cp39-cp39-manylinux_2_5_i686.manylinux1_i686.manylinux_2_17_i686.manylinux2014_i686.whl", hash = "sha256:3345343206546545bc26a05b4602b6a24385b5ec7c75cb6059599e3d56831da2"},
    {file = "pandas-1.3.5-cp39-cp39-win32.whl", hash = "sha256:c69406a2808ba6cf580c2255bcf260b3f214d2664a3a4197d0e640f573b46fd3"},
    {file = "pandas-1.3.5-cp39-cp39-win_amd64.whl", hash = "sha256:32e1a26d5ade11b547721a72f9bfc4bd113396947606e00d5b4a5b79b3dcb006"},
    {file = "pandas-1.3.5.tar.gz", hash = "sha256:1e4285f5de1012de20ca46b188ccf33521bff61ba5c5ebd78b4fb28e5416a9f1"},
]

[package.dependencies]
numpy = [
    {version = ">=1.17.3", markers = "(platform_machine != \"aarch64\" and platform_machine != \"arm64\") and python_version < \"3.10\""},
    {version = ">=1.19.2", markers = "platform_machine == \"aarch64\" and python_version < \"3.10\""},
    {version = ">=1.20.0", markers = "platform_machine == \"arm64\" and python_version < \"3.10\""},
]
python-dateutil = ">=2.7.3"
pytz = ">=2017.3"

[package.extras]
test = ["hypothesis (>=3.58)", "pytest (>=6.0)", "pytest-xdist"]

[[package]]
name = "python-dateutil"
version = "2.9.0.post0"
description = "Extensions to the standard Python datetime module"
optional = false
python-versions = "!=3.0.*,!=3.1.*,!=3.2.*,>=2.7"
files = [
    {file = "python-dateutil-2.9.0.post0.tar.gz", hash = "sha256:37dd54208da7e1cd875388217d5e00ebd4179249f90fb72437e91a35459a0ad3"},
    {file = "python_dateutil-2.9.0.post0-py2.py3-none-any.whl", hash = "sha256:a8b2bc7bffae282281c8140a97d3aa9c14da0b136dfe83f850eea9a5f7470427"},
]

[package.dependencies]
six = ">=1.5"

[[package]]
name = "pytz"
version = "2025.2"
description = "World timezone definitions, modern and historical"
optional = false
python-versions = "*"
files = [
    {file = "pytz-2025.2-py2.py3-none-any.whl", hash = "sha256:5ddf76296dd8c44c26eb8f4b6f35488f3ccbf6fbbd7adee0b7262d43f0ec2f00"},
    {file = "pytz-2025.2.tar.gz", hash = "sha256:360b9e3dbb49a209c21ad61809c7fb453643e048b38924c765813546746e81c3"},
]

[[package]]
name = "pyyaml"
version = "6.0.1"
description = "YAML parser and emitter for Python"
optional = false
python-versions = ">=3.6"
files = [
    {file = "PyYAML-6.0.1-cp310-cp310-macosx_10_9_x86_64.whl", hash = "sha256:d858aa552c999bc8a8d57426ed01e40bef403cd8ccdd0fc5f6f04a00414cac2a"},
    {file = "PyYAML-6.0.1-cp310-cp310-macosx_11_0_arm64.whl", hash = "sha256:fd66fc5d0da6d9815ba2cebeb4205f95818ff4b79c3ebe268e75d961704af52f"},
    {file = "PyYAML-6.0.1-cp310-cp310-manylinux_2_17_aarch64.manylinux2014_aarch64.whl", hash = "sha256:69b023b2b4daa7548bcfbd4aa3da05b3a74b772db9e23b982788168117739938"},
    {file = "PyYAML-6.0.1-cp310-cp310-manylinux_2_17_s390x.manylinux2014_s390x.whl", hash = "sha256:81e0b275a9ecc9c0c0c07b4b90ba548307583c125f54d5b6946cfee6360c733d"},
    {file = "PyYAML-6.0.1-cp310-cp310-manylinux_2_17_x86_64.manylinux2014_x86_64.whl", hash = "sha256:ba336e390cd8e4d1739f42dfe9bb83a3cc2e80f567d8805e11b46f4a943f5515"},
    {file = "PyYAML-6.0.1-cp310-cp310-musllinux_1_1_x86_64.whl", hash = "sha256:326c013efe8048858a6d312ddd31d56e468118ad4cdeda36c719bf5bb6192290"},
    {file = "PyYAML-6.0.1-cp310-cp310-win32.whl", hash = "sha256:bd4af7373a854424dabd882decdc5579653d7868b8fb26dc7d0e99f823aa5924"},
    {file = "PyYAML-6.0.1-cp310-cp310-win_amd64.whl", hash = "sha256:fd1592b3fdf65fff2ad0004b5e363300ef59ced41c2e6b3a99d4089fa8c5435d"},
    {file = "PyYAML-6.0.1-cp311-cp311-macosx_10_9_x86_64.whl", hash = "sha256:6965a7bc3cf88e5a1c3bd2e0b5c22f8d677dc88a455344035f03399034eb3007"},
    {file = "PyYAML-6.0.1-cp311-cp311-macosx_11_0_arm64.whl", hash = "sha256:f003ed9ad21d6a4713f0a9b5a7a0a79e08dd0f221aff4525a2be4c346ee60aab"},
    {file = "PyYAML-6.0.1-cp311-cp311-manylinux_2_17_aarch64.manylinux2014_aarch64.whl", hash = "sha256:42f8152b8dbc4fe7d96729ec2b99c7097d656dc1213a3229ca5383f973a5ed6d"},
    {file = "PyYAML-6.0.1-cp311-cp311-manylinux_2_17_s390x.manylinux2014_s390x.whl", hash = "sha256:062582fca9fabdd2c8b54a3ef1c978d786e0f6b3a1510e0ac93ef59e0ddae2bc"},
    {file = "PyYAML-6.0.1-cp311-cp311-manylinux_2_17_x86_64.manylinux2014_x86_64.whl", hash = "sha256:d2b04aac4d386b172d5b9692e2d2da8de7bfb6c387fa4f801fbf6fb2e6ba4673"},
    {file = "PyYAML-6.0.1-cp311-cp311-musllinux_1_1_x86_64.whl", hash = "sha256:e7d73685e87afe9f3b36c799222440d6cf362062f78be1013661b00c5c6f678b"},
    {file = "PyYAML-6.0.1-cp311-cp311-win32.whl", hash = "sha256:1635fd110e8d85d55237ab316b5b011de701ea0f29d07611174a1b42f1444741"},
    {file = "PyYAML-6.0.1-cp311-cp311-win_amd64.whl", hash = "sha256:bf07ee2fef7014951eeb99f56f39c9bb4af143d8aa3c21b1677805985307da34"},
    {file = "PyYAML-6.0.1-cp312-cp312-macosx_10_9_x86_64.whl", hash = "sha256:855fb52b0dc35af121542a76b9a84f8d1cd886ea97c84703eaa6d88e37a2ad28"},
    {file = "PyYAML-6.0.1-cp312-cp312-macosx_11_0_arm64.whl", hash = "sha256:40df9b996c2b73138957fe23a16a4f0ba614f4c0efce1e9406a184b6d07fa3a9"},
    {file = "PyYAML-6.0.1-cp312-cp312-manylinux_2_17_aarch64.manylinux2014_aarch64.whl", hash = "sha256:a08c6f0fe150303c1c6b71ebcd7213c2858041a7e01975da3a99aed1e7a378ef"},
    {file = "PyYAML-6.0.1-cp312-cp312-manylinux_2_17_x86_64.manylinux2014_x86_64.whl", hash = "sha256:6c22bec3fbe2524cde73d7ada88f6566758a8f7227bfbf93a408a9d86bcc12a0"},
    {file = "PyYAML-6.0.1-cp312-cp312-musllinux_1_1_x86_64.whl", hash = "sha256:8d4e9c88387b0f5c7d5f281e55304de64cf7f9c0021a3525bd3b1c542da3b0e4"},
    {file = "PyYAML-6.0.1-cp312-cp312-win32.whl", hash = "sha256:d483d2cdf104e7c9fa60c544d92981f12ad66a457afae824d146093b8c294c54"},
    {file = "PyYAML-6.0.1-cp312-cp312-win_amd64.whl", hash = "sha256:0d3304d8c0adc42be59c5f8a4d9e3d7379e6955ad754aa9d6ab7a398b59dd1df"},
    {file = "PyYAML-6.0.1-cp36-cp36m-macosx_10_9_x86_64.whl", hash = "sha256:50550eb667afee136e9a77d6dc71ae76a44df8b3e51e41b77f6de2932bfe0f47"},
    {file = "PyYAML-6.0.1-cp36-cp36m-manylinux_2_17_aarch64.manylinux2014_aarch64.whl", hash = "sha256:1fe35611261b29bd1de0070f0b2f47cb6ff71fa6595c077e42bd0c419fa27b98"},
    {file = "PyYAML-6.0.1-cp36-cp36m-manylinux_2_17_s390x.manylinux2014_s390x.whl", hash = "sha256:704219a11b772aea0d8ecd7058d0082713c3562b4e271b849ad7dc4a5c90c13c"},
    {file = "PyYAML-6.0.1-cp36-cp36m-manylinux_2_17_x86_64.manylinux2014_x86_64.whl", hash = "sha256:afd7e57eddb1a54f0f1a974bc4391af8bcce0b444685d936840f125cf046d5bd"},
    {file = "PyYAML-6.0.1-cp36-cp36m-win32.whl", hash = "sha256:fca0e3a251908a499833aa292323f32437106001d436eca0e6e7833256674585"},
    {file = "PyYAML-6.0.1-cp36-cp36m-win_amd64.whl", hash = "sha256:f22ac1c3cac4dbc50079e965eba2c1058622631e526bd9afd45fedd49ba781fa"},
    {file = "PyYAML-6.0.1-cp37-cp37m-macosx_10_9_x86_64.whl", hash = "sha256:b1275ad35a5d18c62a7220633c913e1b42d44b46ee12554e5fd39c70a243d6a3"},
    {file = "PyYAML-6.0.1-cp37-cp37m-manylinux_2_17_aarch64.manylinux2014_aarch64.whl", hash = "sha256:18aeb1bf9a78867dc38b259769503436b7c72f7a1f1f4c93ff9a17de54319b27"},
    {file = "PyYAML-6.0.1-cp37-cp37m-manylinux_2_17_s390x.manylinux2014_s390x.whl", hash = "sha256:596106435fa6ad000c2991a98fa58eeb8656ef2325d7e158344fb33864ed87e3"},
    {file = "PyYAML-6.0.1-cp37-cp37m-manylinux_2_17_x86_64.manylinux2014_x86_64.whl", hash = "sha256:baa90d3f661d43131ca170712d903e6295d1f7a0f595074f151c0aed377c9b9c"},
    {file = "PyYAML-6.0.1-cp37-cp37m-win32.whl", hash = "sha256:9046c58c4395dff28dd494285c82ba00b546adfc7ef001486fbf0324bc174fba"},
    {file = "PyYAML-6.0.1-cp37-cp37m-win_amd64.whl", hash = "sha256:4fb147e7a67ef577a588a0e2c17b6db51dda102c71de36f8549b6816a96e1867"},
    {file = "PyYAML-6.0.1-cp38-cp38-macosx_10_9_x86_64.whl", hash = "sha256:1d4c7e777c441b20e32f52bd377e0c409713e8bb1386e1099c2415f26e479595"},
    {file = "PyYAML-6.0.1-cp38-cp38-manylinux_2_17_aarch64.manylinux2014_aarch64.whl", hash = "sha256:a0cd17c15d3bb3fa06978b4e8958dcdc6e0174ccea823003a106c7d4d7899ac5"},
    {file = "PyYAML-6.0.1-cp38-cp38-manylinux_2_17_s390x.manylinux2014_s390x.whl", hash = "sha256:28c119d996beec18c05208a8bd78cbe4007878c6dd15091efb73a30e90539696"},
    {file = "PyYAML-6.0.1-cp38-cp38-manylinux_2_17_x86_64.manylinux2014_x86_64.whl", hash = "sha256:7e07cbde391ba96ab58e532ff4803f79c4129397514e1413a7dc761ccd755735"},
    {file = "PyYAML-6.0.1-cp38-cp38-musllinux_1_1_x86_64.whl", hash = "sha256:49a183be227561de579b4a36efbb21b3eab9651dd81b1858589f796549873dd6"},
    {file = "PyYAML-6.0.1-cp38-cp38-win32.whl", hash = "sha256:184c5108a2aca3c5b3d3bf9395d50893a7ab82a38004c8f61c258d4428e80206"},
    {file = "PyYAML-6.0.1-cp38-cp38-win_amd64.whl", hash = "sha256:1e2722cc9fbb45d9b87631ac70924c11d3a401b2d7f410cc0e3bbf249f2dca62"},
    {file = "PyYAML-6.0.1-cp39-cp39-macosx_10_9_x86_64.whl", hash = "sha256:9eb6caa9a297fc2c2fb8862bc5370d0303ddba53ba97e71f08023b6cd73d16a8"},
    {file = "PyYAML-6.0.1-cp39-cp39-macosx_11_0_arm64.whl", hash = "sha256:c8098ddcc2a85b61647b2590f825f3db38891662cfc2fc776415143f599bb859"},
    {file = "PyYAML-6.0.1-cp39-cp39-manylinux_2_17_aarch64.manylinux2014_aarch64.whl", hash = "sha256:5773183b6446b2c99bb77e77595dd486303b4faab2b086e7b17bc6bef28865f6"},
    {file = "PyYAML-6.0.1-cp39-cp39-manylinux_2_17_s390x.manylinux2014_s390x.whl", hash = "sha256:b786eecbdf8499b9ca1d697215862083bd6d2a99965554781d0d8d1ad31e13a0"},
    {file = "PyYAML-6.0.1-cp39-cp39-manylinux_2_17_x86_64.manylinux2014_x86_64.whl", hash = "sha256:bc1bf2925a1ecd43da378f4db9e4f799775d6367bdb94671027b73b393a7c42c"},
    {file = "PyYAML-6.0.1-cp39-cp39-musllinux_1_1_x86_64.whl", hash = "sha256:04ac92ad1925b2cff1db0cfebffb6ffc43457495c9b3c39d3fcae417d7125dc5"},
    {file = "PyYAML-6.0.1-cp39-cp39-win32.whl", hash = "sha256:faca3bdcf85b2fc05d06ff3fbc1f83e1391b3e724afa3feba7d13eeab355484c"},
    {file = "PyYAML-6.0.1-cp39-cp39-win_amd64.whl", hash = "sha256:510c9deebc5c0225e8c96813043e62b680ba2f9c50a08d3724c7f28a747d1486"},
    {file = "PyYAML-6.0.1.tar.gz", hash = "sha256:bfdf460b1736c775f2ba9f6a92bca30bc2095067b8a9d77876d1fad6cc3b4a43"},
]

[[package]]
name = "regex"
version = "2024.4.16"
description = "Alternative regular expression module, to replace re."
optional = false
python-versions = ">=3.7"
files = [
    {file = "regex-2024.4.16-cp310-cp310-macosx_10_9_universal2.whl", hash = "sha256:fb83cc090eac63c006871fd24db5e30a1f282faa46328572661c0a24a2323a08"},
    {file = "regex-2024.4.16-cp310-cp310-macosx_10_9_x86_64.whl", hash = "sha256:8c91e1763696c0eb66340c4df98623c2d4e77d0746b8f8f2bee2c6883fd1fe18"},
    {file = "regex-2024.4.16-cp310-cp310-macosx_11_0_arm64.whl", hash = "sha256:10188fe732dec829c7acca7422cdd1bf57d853c7199d5a9e96bb4d40db239c73"},
    {file = "regex-2024.4.16-cp310-cp310-manylinux_2_17_aarch64.manylinux2014_aarch64.whl", hash = "sha256:956b58d692f235cfbf5b4f3abd6d99bf102f161ccfe20d2fd0904f51c72c4c66"},
    {file = "regex-2024.4.16-cp310-cp310-manylinux_2_17_ppc64le.manylinux2014_ppc64le.whl", hash = "sha256:a70b51f55fd954d1f194271695821dd62054d949efd6368d8be64edd37f55c86"},
    {file = "regex-2024.4.16-cp310-cp310-manylinux_2_17_s390x.manylinux2014_s390x.whl", hash = "sha256:5c02fcd2bf45162280613d2e4a1ca3ac558ff921ae4e308ecb307650d3a6ee51"},
    {file = "regex-2024.4.16-cp310-cp310-manylinux_2_17_x86_64.manylinux2014_x86_64.whl", hash = "sha256:c4ed75ea6892a56896d78f11006161eea52c45a14994794bcfa1654430984b22"},
    {file = "regex-2024.4.16-cp310-cp310-manylinux_2_5_i686.manylinux1_i686.manylinux_2_17_i686.manylinux2014_i686.whl", hash = "sha256:bd727ad276bb91928879f3aa6396c9a1d34e5e180dce40578421a691eeb77f47"},
    {file = "regex-2024.4.16-cp310-cp310-manylinux_2_5_x86_64.manylinux1_x86_64.manylinux_2_12_x86_64.manylinux2010_x86_64.whl", hash = "sha256:7cbc5d9e8a1781e7be17da67b92580d6ce4dcef5819c1b1b89f49d9678cc278c"},
    {file = "regex-2024.4.16-cp310-cp310-musllinux_1_1_aarch64.whl", hash = "sha256:78fddb22b9ef810b63ef341c9fcf6455232d97cfe03938cbc29e2672c436670e"},
    {file = "regex-2024.4.16-cp310-cp310-musllinux_1_1_i686.whl", hash = "sha256:445ca8d3c5a01309633a0c9db57150312a181146315693273e35d936472df912"},
    {file = "regex-2024.4.16-cp310-cp310-musllinux_1_1_ppc64le.whl", hash = "sha256:95399831a206211d6bc40224af1c635cb8790ddd5c7493e0bd03b85711076a53"},
    {file = "regex-2024.4.16-cp310-cp310-musllinux_1_1_s390x.whl", hash = "sha256:7731728b6568fc286d86745f27f07266de49603a6fdc4d19c87e8c247be452af"},
    {file = "regex-2024.4.16-cp310-cp310-musllinux_1_1_x86_64.whl", hash = "sha256:4facc913e10bdba42ec0aee76d029aedda628161a7ce4116b16680a0413f658a"},
    {file = "regex-2024.4.16-cp310-cp310-win32.whl", hash = "sha256:911742856ce98d879acbea33fcc03c1d8dc1106234c5e7d068932c945db209c0"},
    {file = "regex-2024.4.16-cp310-cp310-win_amd64.whl", hash = "sha256:e0a2df336d1135a0b3a67f3bbf78a75f69562c1199ed9935372b82215cddd6e2"},
    {file = "regex-2024.4.16-cp311-cp311-macosx_10_9_universal2.whl", hash = "sha256:1210365faba7c2150451eb78ec5687871c796b0f1fa701bfd2a4a25420482d26"},
    {file = "regex-2024.4.16-cp311-cp311-macosx_10_9_x86_64.whl", hash = "sha256:9ab40412f8cd6f615bfedea40c8bf0407d41bf83b96f6fc9ff34976d6b7037fd"},
    {file = "regex-2024.4.16-cp311-cp311-macosx_11_0_arm64.whl", hash = "sha256:fd80d1280d473500d8086d104962a82d77bfbf2b118053824b7be28cd5a79ea5"},
    {file = "regex-2024.4.16-cp311-cp311-manylinux_2_17_aarch64.manylinux2014_aarch64.whl", hash = "sha256:7bb966fdd9217e53abf824f437a5a2d643a38d4fd5fd0ca711b9da683d452969"},
    {file = "regex-2024.4.16-cp311-cp311-manylinux_2_17_ppc64le.manylinux2014_ppc64le.whl", hash = "sha256:20b7a68444f536365af42a75ccecb7ab41a896a04acf58432db9e206f4e525d6"},
    {file = "regex-2024.4.16-cp311-cp311-manylinux_2_17_s390x.manylinux2014_s390x.whl", hash = "sha256:b74586dd0b039c62416034f811d7ee62810174bb70dffcca6439f5236249eb09"},
    {file = "regex-2024.4.16-cp311-cp311-manylinux_2_17_x86_64.manylinux2014_x86_64.whl", hash = "sha256:0c8290b44d8b0af4e77048646c10c6e3aa583c1ca67f3b5ffb6e06cf0c6f0f89"},
    {file = "regex-2024.4.16-cp311-cp311-manylinux_2_5_i686.manylinux1_i686.manylinux_2_17_i686.manylinux2014_i686.whl", hash = "sha256:f2d80a6749724b37853ece57988b39c4e79d2b5fe2869a86e8aeae3bbeef9eb0"},
    {file = "regex-2024.4.16-cp311-cp311-musllinux_1_1_aarch64.whl", hash = "sha256:3a1018e97aeb24e4f939afcd88211ace472ba566efc5bdf53fd8fd7f41fa7170"},
    {file = "regex-2024.4.16-cp311-cp311-musllinux_1_1_i686.whl", hash = "sha256:8d015604ee6204e76569d2f44e5a210728fa917115bef0d102f4107e622b08d5"},
    {file = "regex-2024.4.16-cp311-cp311-musllinux_1_1_ppc64le.whl", hash = "sha256:3d5ac5234fb5053850d79dd8eb1015cb0d7d9ed951fa37aa9e6249a19aa4f336"},
    {file = "regex-2024.4.16-cp311-cp311-musllinux_1_1_s390x.whl", hash = "sha256:0a38d151e2cdd66d16dab550c22f9521ba79761423b87c01dae0a6e9add79c0d"},
    {file = "regex-2024.4.16-cp311-cp311-musllinux_1_1_x86_64.whl", hash = "sha256:159dc4e59a159cb8e4e8f8961eb1fa5d58f93cb1acd1701d8aff38d45e1a84a6"},
    {file = "regex-2024.4.16-cp311-cp311-win32.whl", hash = "sha256:ba2336d6548dee3117520545cfe44dc28a250aa091f8281d28804aa8d707d93d"},
    {file = "regex-2024.4.16-cp311-cp311-win_amd64.whl", hash = "sha256:8f83b6fd3dc3ba94d2b22717f9c8b8512354fd95221ac661784df2769ea9bba9"},
    {file = "regex-2024.4.16-cp312-cp312-macosx_10_9_universal2.whl", hash = "sha256:80b696e8972b81edf0af2a259e1b2a4a661f818fae22e5fa4fa1a995fb4a40fd"},
    {file = "regex-2024.4.16-cp312-cp312-macosx_10_9_x86_64.whl", hash = "sha256:d61ae114d2a2311f61d90c2ef1358518e8f05eafda76eaf9c772a077e0b465ec"},
    {file = "regex-2024.4.16-cp312-cp312-macosx_11_0_arm64.whl", hash = "sha256:8ba6745440b9a27336443b0c285d705ce73adb9ec90e2f2004c64d95ab5a7598"},
    {file = "regex-2024.4.16-cp312-cp312-manylinux_2_17_aarch64.manylinux2014_aarch64.whl", hash = "sha256:6295004b2dd37b0835ea5c14a33e00e8cfa3c4add4d587b77287825f3418d310"},
    {file = "regex-2024.4.16-cp312-cp312-manylinux_2_17_ppc64le.manylinux2014_ppc64le.whl", hash = "sha256:4aba818dcc7263852aabb172ec27b71d2abca02a593b95fa79351b2774eb1d2b"},
    {file = "regex-2024.4.16-cp312-cp312-manylinux_2_17_s390x.manylinux2014_s390x.whl", hash = "sha256:d0800631e565c47520aaa04ae38b96abc5196fe8b4aa9bd864445bd2b5848a7a"},
    {file = "regex-2024.4.16-cp312-cp312-manylinux_2_17_x86_64.manylinux2014_x86_64.whl", hash = "sha256:08dea89f859c3df48a440dbdcd7b7155bc675f2fa2ec8c521d02dc69e877db70"},
    {file = "regex-2024.4.16-cp312-cp312-manylinux_2_5_i686.manylinux1_i686.manylinux_2_17_i686.manylinux2014_i686.whl", hash = "sha256:eeaa0b5328b785abc344acc6241cffde50dc394a0644a968add75fcefe15b9d4"},
    {file = "regex-2024.4.16-cp312-cp312-musllinux_1_1_aarch64.whl", hash = "sha256:4e819a806420bc010489f4e741b3036071aba209f2e0989d4750b08b12a9343f"},
    {file = "regex-2024.4.16-cp312-cp312-musllinux_1_1_i686.whl", hash = "sha256:c2d0e7cbb6341e830adcbfa2479fdeebbfbb328f11edd6b5675674e7a1e37730"},
    {file = "regex-2024.4.16-cp312-cp312-musllinux_1_1_ppc64le.whl", hash = "sha256:91797b98f5e34b6a49f54be33f72e2fb658018ae532be2f79f7c63b4ae225145"},
    {file = "regex-2024.4.16-cp312-cp312-musllinux_1_1_s390x.whl", hash = "sha256:d2da13568eff02b30fd54fccd1e042a70fe920d816616fda4bf54ec705668d81"},
    {file = "regex-2024.4.16-cp312-cp312-musllinux_1_1_x86_64.whl", hash = "sha256:370c68dc5570b394cbaadff50e64d705f64debed30573e5c313c360689b6aadc"},
    {file = "regex-2024.4.16-cp312-cp312-win32.whl", hash = "sha256:904c883cf10a975b02ab3478bce652f0f5346a2c28d0a8521d97bb23c323cc8b"},
    {file = "regex-2024.4.16-cp312-cp312-win_amd64.whl", hash = "sha256:785c071c982dce54d44ea0b79cd6dfafddeccdd98cfa5f7b86ef69b381b457d9"},
    {file = "regex-2024.4.16-cp37-cp37m-macosx_10_9_x86_64.whl", hash = "sha256:e2f142b45c6fed48166faeb4303b4b58c9fcd827da63f4cf0a123c3480ae11fb"},
    {file = "regex-2024.4.16-cp37-cp37m-manylinux_2_17_aarch64.manylinux2014_aarch64.whl", hash = "sha256:e87ab229332ceb127a165612d839ab87795972102cb9830e5f12b8c9a5c1b508"},
    {file = "regex-2024.4.16-cp37-cp37m-manylinux_2_17_ppc64le.manylinux2014_ppc64le.whl", hash = "sha256:81500ed5af2090b4a9157a59dbc89873a25c33db1bb9a8cf123837dcc9765047"},
    {file = "regex-2024.4.16-cp37-cp37m-manylinux_2_17_s390x.manylinux2014_s390x.whl", hash = "sha256:b340cccad138ecb363324aa26893963dcabb02bb25e440ebdf42e30963f1a4e0"},
    {file = "regex-2024.4.16-cp37-cp37m-manylinux_2_17_x86_64.manylinux2014_x86_64.whl", hash = "sha256:2c72608e70f053643437bd2be0608f7f1c46d4022e4104d76826f0839199347a"},
    {file = "regex-2024.4.16-cp37-cp37m-manylinux_2_5_i686.manylinux1_i686.manylinux_2_17_i686.manylinux2014_i686.whl", hash = "sha256:a01fe2305e6232ef3e8f40bfc0f0f3a04def9aab514910fa4203bafbc0bb4682"},
    {file = "regex-2024.4.16-cp37-cp37m-manylinux_2_5_x86_64.manylinux1_x86_64.manylinux_2_12_x86_64.manylinux2010_x86_64.whl", hash = "sha256:03576e3a423d19dda13e55598f0fd507b5d660d42c51b02df4e0d97824fdcae3"},
    {file = "regex-2024.4.16-cp37-cp37m-musllinux_1_1_aarch64.whl", hash = "sha256:549c3584993772e25f02d0656ac48abdda73169fe347263948cf2b1cead622f3"},
    {file = "regex-2024.4.16-cp37-cp37m-musllinux_1_1_i686.whl", hash = "sha256:34422d5a69a60b7e9a07a690094e824b66f5ddc662a5fc600d65b7c174a05f04"},
    {file = "regex-2024.4.16-cp37-cp37m-musllinux_1_1_ppc64le.whl", hash = "sha256:5f580c651a72b75c39e311343fe6875d6f58cf51c471a97f15a938d9fe4e0d37"},
    {file = "regex-2024.4.16-cp37-cp37m-musllinux_1_1_s390x.whl", hash = "sha256:3399dd8a7495bbb2bacd59b84840eef9057826c664472e86c91d675d007137f5"},
    {file = "regex-2024.4.16-cp37-cp37m-musllinux_1_1_x86_64.whl", hash = "sha256:8d1f86f3f4e2388aa3310b50694ac44daefbd1681def26b4519bd050a398dc5a"},
    {file = "regex-2024.4.16-cp37-cp37m-win32.whl", hash = "sha256:dd5acc0a7d38fdc7a3a6fd3ad14c880819008ecb3379626e56b163165162cc46"},
    {file = "regex-2024.4.16-cp37-cp37m-win_amd64.whl", hash = "sha256:ba8122e3bb94ecda29a8de4cf889f600171424ea586847aa92c334772d200331"},
    {file = "regex-2024.4.16-cp38-cp38-macosx_10_9_universal2.whl", hash = "sha256:743deffdf3b3481da32e8a96887e2aa945ec6685af1cfe2bcc292638c9ba2f48"},
    {file = "regex-2024.4.16-cp38-cp38-macosx_10_9_x86_64.whl", hash = "sha256:7571f19f4a3fd00af9341c7801d1ad1967fc9c3f5e62402683047e7166b9f2b4"},
    {file = "regex-2024.4.16-cp38-cp38-macosx_11_0_arm64.whl", hash = "sha256:df79012ebf6f4efb8d307b1328226aef24ca446b3ff8d0e30202d7ebcb977a8c"},
    {file = "regex-2024.4.16-cp38-cp38-manylinux_2_17_aarch64.manylinux2014_aarch64.whl", hash = "sha256:e757d475953269fbf4b441207bb7dbdd1c43180711b6208e129b637792ac0b93"},
    {file = "regex-2024.4.16-cp38-cp38-manylinux_2_17_ppc64le.manylinux2014_ppc64le.whl", hash = "sha256:4313ab9bf6a81206c8ac28fdfcddc0435299dc88cad12cc6305fd0e78b81f9e4"},
    {file = "regex-2024.4.16-cp38-cp38-manylinux_2_17_s390x.manylinux2014_s390x.whl", hash = "sha256:d83c2bc678453646f1a18f8db1e927a2d3f4935031b9ad8a76e56760461105dd"},
    {file = "regex-2024.4.16-cp38-cp38-manylinux_2_17_x86_64.manylinux2014_x86_64.whl", hash = "sha256:9df1bfef97db938469ef0a7354b2d591a2d438bc497b2c489471bec0e6baf7c4"},
    {file = "regex-2024.4.16-cp38-cp38-manylinux_2_5_i686.manylinux1_i686.manylinux_2_17_i686.manylinux2014_i686.whl", hash = "sha256:62120ed0de69b3649cc68e2965376048793f466c5a6c4370fb27c16c1beac22d"},
    {file = "regex-2024.4.16-cp38-cp38-manylinux_2_5_x86_64.manylinux1_x86_64.manylinux_2_12_x86_64.manylinux2010_x86_64.whl", hash = "sha256:c2ef6f7990b6e8758fe48ad08f7e2f66c8f11dc66e24093304b87cae9037bb4a"},
    {file = "regex-2024.4.16-cp38-cp38-musllinux_1_1_aarch64.whl", hash = "sha256:8fc6976a3395fe4d1fbeb984adaa8ec652a1e12f36b56ec8c236e5117b585427"},
    {file = "regex-2024.4.16-cp38-cp38-musllinux_1_1_i686.whl", hash = "sha256:03e68f44340528111067cecf12721c3df4811c67268b897fbe695c95f860ac42"},
    {file = "regex-2024.4.16-cp38-cp38-musllinux_1_1_ppc64le.whl", hash = "sha256:ec7e0043b91115f427998febaa2beb82c82df708168b35ece3accb610b91fac1"},
    {file = "regex-2024.4.16-cp38-cp38-musllinux_1_1_s390x.whl", hash = "sha256:c21fc21a4c7480479d12fd8e679b699f744f76bb05f53a1d14182b31f55aac76"},
    {file = "regex-2024.4.16-cp38-cp38-musllinux_1_1_x86_64.whl", hash = "sha256:12f6a3f2f58bb7344751919a1876ee1b976fe08b9ffccb4bbea66f26af6017b9"},
    {file = "regex-2024.4.16-cp38-cp38-win32.whl", hash = "sha256:479595a4fbe9ed8f8f72c59717e8cf222da2e4c07b6ae5b65411e6302af9708e"},
    {file = "regex-2024.4.16-cp38-cp38-win_amd64.whl", hash = "sha256:0534b034fba6101611968fae8e856c1698da97ce2efb5c2b895fc8b9e23a5834"},
    {file = "regex-2024.4.16-cp39-cp39-macosx_10_9_universal2.whl", hash = "sha256:a7ccdd1c4a3472a7533b0a7aa9ee34c9a2bef859ba86deec07aff2ad7e0c3b94"},
    {file = "regex-2024.4.16-cp39-cp39-macosx_10_9_x86_64.whl", hash = "sha256:6f2f017c5be19984fbbf55f8af6caba25e62c71293213f044da3ada7091a4455"},
    {file = "regex-2024.4.16-cp39-cp39-macosx_11_0_arm64.whl", hash = "sha256:803b8905b52de78b173d3c1e83df0efb929621e7b7c5766c0843704d5332682f"},
    {file = "regex-2024.4.16-cp39-cp39-manylinux_2_17_aarch64.manylinux2014_aarch64.whl", hash = "sha256:684008ec44ad275832a5a152f6e764bbe1914bea10968017b6feaecdad5736e0"},
    {file = "regex-2024.4.16-cp39-cp39-manylinux_2_17_ppc64le.manylinux2014_ppc64le.whl", hash = "sha256:65436dce9fdc0aeeb0a0effe0839cb3d6a05f45aa45a4d9f9c60989beca78b9c"},
    {file = "regex-2024.4.16-cp39-cp39-manylinux_2_17_s390x.manylinux2014_s390x.whl", hash = "sha256:ea355eb43b11764cf799dda62c658c4d2fdb16af41f59bb1ccfec517b60bcb07"},
    {file = "regex-2024.4.16-cp39-cp39-manylinux_2_17_x86_64.manylinux2014_x86_64.whl", hash = "sha256:98c1165f3809ce7774f05cb74e5408cd3aa93ee8573ae959a97a53db3ca3180d"},
    {file = "regex-2024.4.16-cp39-cp39-manylinux_2_5_i686.manylinux1_i686.manylinux_2_17_i686.manylinux2014_i686.whl", hash = "sha256:cccc79a9be9b64c881f18305a7c715ba199e471a3973faeb7ba84172abb3f317"},
    {file = "regex-2024.4.16-cp39-cp39-manylinux_2_5_x86_64.manylinux1_x86_64.manylinux_2_12_x86_64.manylinux2010_x86_64.whl", hash = "sha256:00169caa125f35d1bca6045d65a662af0202704489fada95346cfa092ec23f39"},
    {file = "regex-2024.4.16-cp39-cp39-musllinux_1_1_aarch64.whl", hash = "sha256:6cc38067209354e16c5609b66285af17a2863a47585bcf75285cab33d4c3b8df"},
    {file = "regex-2024.4.16-cp39-cp39-musllinux_1_1_i686.whl", hash = "sha256:23cff1b267038501b179ccbbd74a821ac4a7192a1852d1d558e562b507d46013"},
    {file = "regex-2024.4.16-cp39-cp39-musllinux_1_1_ppc64le.whl", hash = "sha256:b9d320b3bf82a39f248769fc7f188e00f93526cc0fe739cfa197868633d44701"},
    {file = "regex-2024.4.16-cp39-cp39-musllinux_1_1_s390x.whl", hash = "sha256:89ec7f2c08937421bbbb8b48c54096fa4f88347946d4747021ad85f1b3021b3c"},
    {file = "regex-2024.4.16-cp39-cp39-musllinux_1_1_x86_64.whl", hash = "sha256:4918fd5f8b43aa7ec031e0fef1ee02deb80b6afd49c85f0790be1dc4ce34cb50"},
    {file = "regex-2024.4.16-cp39-cp39-win32.whl", hash = "sha256:684e52023aec43bdf0250e843e1fdd6febbe831bd9d52da72333fa201aaa2335"},
    {file = "regex-2024.4.16-cp39-cp39-win_amd64.whl", hash = "sha256:e697e1c0238133589e00c244a8b676bc2cfc3ab4961318d902040d099fec7483"},
    {file = "regex-2024.4.16.tar.gz", hash = "sha256:fa454d26f2e87ad661c4f0c5a5fe4cf6aab1e307d1b94f16ffdfcb089ba685c0"},
]

[[package]]
name = "six"
version = "1.17.0"
description = "Python 2 and 3 compatibility utilities"
optional = false
python-versions = "!=3.0.*,!=3.1.*,!=3.2.*,>=2.7"
files = [
    {file = "six-1.17.0-py2.py3-none-any.whl", hash = "sha256:4721f391ed90541fddacab5acf947aa0d3dc7d27b2e1e8eda2be8970586c3274"},
    {file = "six-1.17.0.tar.gz", hash = "sha256:ff70335d468e7eb6ec65b95b99d3a2836546063f63acc5171de367e834932a81"},
]

[[package]]
name = "tqdm"
version = "4.67.1"
description = "Fast, Extensible Progress Meter"
optional = false
python-versions = ">=3.7"
files = [
    {file = "tqdm-4.67.1-py3-none-any.whl", hash = "sha256:26445eca388f82e72884e0d580d5464cd801a3ea01e63e5601bdff9ba6a48de2"},
    {file = "tqdm-4.67.1.tar.gz", hash = "sha256:f8aef9c52c08c13a65f30ea34f4e5aac3fd1a34959879d7e59e63027286627f2"},
]

[package.dependencies]
colorama = {version = "*", markers = "platform_system == \"Windows\""}

[package.extras]
dev = ["nbval", "pytest (>=6)", "pytest-asyncio (>=0.24)", "pytest-cov", "pytest-timeout"]
discord = ["requests"]
notebook = ["ipywidgets (>=6)"]
slack = ["slack-sdk"]
telegram = ["requests"]

[[package]]
name = "typing-extensions"
version = "4.7.1"
description = "Backported and Experimental Type Hints for Python 3.7+"
optional = false
python-versions = ">=3.7"
files = [
    {file = "typing_extensions-4.7.1-py3-none-any.whl", hash = "sha256:440d5dd3af93b060174bf433bccd69b0babc3b15b1a8dca43789fd7f61514b36"},
    {file = "typing_extensions-4.7.1.tar.gz", hash = "sha256:b75ddc264f0ba5615db7ba217daeb99701ad295353c45f9e95963337ceeeffb2"},
]

[[package]]
name = "zipp"
version = "3.15.0"
description = "Backport of pathlib-compatible object wrapper for zip files"
optional = false
python-versions = ">=3.7"
files = [
    {file = "zipp-3.15.0-py3-none-any.whl", hash = "sha256:48904fc76a60e542af151aded95726c1a5c34ed43ab4134b597665c86d7ad556"},
    {file = "zipp-3.15.0.tar.gz", hash = "sha256:112929ad649da941c23de50f356a2b5570c954b65150642bccdd66bf194d224b"},
]

[package.extras]
docs = ["furo", "jaraco.packaging (>=9)", "jaraco.tidelift (>=1.4)", "rst.linker (>=1.9)", "sphinx (>=3.5)", "sphinx-lint"]
testing = ["big-O", "flake8 (<5)", "jaraco.functools", "jaraco.itertools", "more-itertools", "pytest (>=6)", "pytest-black (>=0.3.7)", "pytest-checkdocs (>=2.4)", "pytest-cov", "pytest-enabler (>=1.3)", "pytest-flake8", "pytest-mypy (>=0.9.1)"]

[metadata]
lock-version = "2.0"
python-versions = ">=3.7.1,<=3.8"
content-hash = "39b084989ab886f79c36518f9b7ff00fb319d3d15daeb2ed36c35cff6b9c3336"
